
Microsoft Visual Studio Solution File, Format Version 12.00
# Visual Studio Version 17
VisualStudioVersion = 17.0.32014.148
MinimumVisualStudioVersion = 10.0.40219.1
Project("{FAE04EC0-301F-11D3-BF4B-00C04F79EFBC}") = "pipeline", "pipeline\pipeline.csproj", "{3176B8DC-AE03-4430-8D4D-D0BC9AF1888E}"
EndProject
Global
	GlobalSection(SolutionConfigurationPlatforms) = preSolution
		Debug|Any CPU = Debug|Any CPU
		Release|Any CPU = Release|Any CPU
	EndGlobalSection
	GlobalSection(ProjectConfigurationPlatforms) = postSolution
		{3176B8DC-AE03-4430-8D4D-D0BC9AF1888E}.Debug|Any CPU.ActiveCfg = Debug|Any CPU
		{3176B8DC-AE03-4430-8D4D-D0BC9AF1888E}.Debug|Any CPU.Build.0 = Debug|Any CPU
		{3176B8DC-AE03-4430-8D4D-D0BC9AF1888E}.Release|Any CPU.ActiveCfg = Release|Any CPU
		{3176B8DC-AE03-4430-8D4D-D0BC9AF1888E}.Release|Any CPU.Build.0 = Release|Any CPU
	EndGlobalSection
	GlobalSection(SolutionProperties) = preSolution
		HideSolutionNode = FALSE
	EndGlobalSection
	GlobalSection(ExtensibilityGlobals) = postSolution
		SolutionGuid = {D5887C11-05E6-4945-8EF8-AE7A5AF36364}
	EndGlobalSection
EndGlobal
